
Microsoft Visual Studio Solution File, Format Version 11.00
# Visual Studio 2010
Project("{FAE04EC0-301F-11D3-BF4B-00C04F79EFBC}") = "UCMAAppMgmt", "UCMAAppMgmt\UCMAAppMgmt.csproj", "{B22BE93C-CDF9-4E02-926B-AF8517517F5B}"
EndProject
Project("{FAE04EC0-301F-11D3-BF4B-00C04F79EFBC}") = "ConsoleUCMA", "ConsoleUCMA\ConsoleUCMA.csproj", "{C4B3C4D2-9CC3-4E2F-B1A5-6E1F934493E8}"
EndProject
Global
	GlobalSection(SolutionConfigurationPlatforms) = preSolution
		Debug|Any CPU = Debug|Any CPU
		Debug|Mixed Platforms = Debug|Mixed Platforms
		Debug|x86 = Debug|x86
		Release|Any CPU = Release|Any CPU
		Release|Mixed Platforms = Release|Mixed Platforms
		Release|x86 = Release|x86
	EndGlobalSection
	GlobalSection(ProjectConfigurationPlatforms) = postSolution
		{B22BE93C-CDF9-4E02-926B-AF8517517F5B}.Debug|Any CPU.ActiveCfg = Debug|Any CPU
		{B22BE93C-CDF9-4E02-926B-AF8517517F5B}.Debug|Any CPU.Build.0 = Debug|Any CPU
		{B22BE93C-CDF9-4E02-926B-AF8517517F5B}.Debug|Mixed Platforms.ActiveCfg = Debug|Any CPU
		{B22BE93C-CDF9-4E02-926B-AF8517517F5B}.Debug|Mixed Platforms.Build.0 = Debug|Any CPU
		{B22BE93C-CDF9-4E02-926B-AF8517517F5B}.Debug|x86.ActiveCfg = Debug|Any CPU
		{B22BE93C-CDF9-4E02-926B-AF8517517F5B}.Release|Any CPU.ActiveCfg = Release|Any CPU
		{B22BE93C-CDF9-4E02-926B-AF8517517F5B}.Release|Any CPU.Build.0 = Release|Any CPU
		{B22BE93C-CDF9-4E02-926B-AF8517517F5B}.Release|Mixed Platforms.ActiveCfg = Release|Any CPU
		{B22BE93C-CDF9-4E02-926B-AF8517517F5B}.Release|Mixed Platforms.Build.0 = Release|Any CPU
		{B22BE93C-CDF9-4E02-926B-AF8517517F5B}.Release|x86.ActiveCfg = Release|Any CPU
		{C4B3C4D2-9CC3-4E2F-B1A5-6E1F934493E8}.Debug|Any CPU.ActiveCfg = Debug|x86
		{C4B3C4D2-9CC3-4E2F-B1A5-6E1F934493E8}.Debug|Mixed Platforms.ActiveCfg = Debug|x86
		{C4B3C4D2-9CC3-4E2F-B1A5-6E1F934493E8}.Debug|Mixed Platforms.Build.0 = Debug|x86
		{C4B3C4D2-9CC3-4E2F-B1A5-6E1F934493E8}.Debug|x86.ActiveCfg = Debug|x86
		{C4B3C4D2-9CC3-4E2F-B1A5-6E1F934493E8}.Debug|x86.Build.0 = Debug|x86
		{C4B3C4D2-9CC3-4E2F-B1A5-6E1F934493E8}.Release|Any CPU.ActiveCfg = Release|x86
		{C4B3C4D2-9CC3-4E2F-B1A5-6E1F934493E8}.Release|Mixed Platforms.ActiveCfg = Release|x86
		{C4B3C4D2-9CC3-4E2F-B1A5-6E1F934493E8}.Release|Mixed Platforms.Build.0 = Release|x86
		{C4B3C4D2-9CC3-4E2F-B1A5-6E1F934493E8}.Release|x86.ActiveCfg = Release|x86
		{C4B3C4D2-9CC3-4E2F-B1A5-6E1F934493E8}.Release|x86.Build.0 = Release|x86
	EndGlobalSection
	GlobalSection(SolutionProperties) = preSolution
		HideSolutionNode = FALSE
	EndGlobalSection
EndGlobal
