
Microsoft Visual Studio Solution File, Format Version 11.00
# Visual Studio 2010
Project("{FAE04EC0-301F-11D3-BF4B-00C04F79EFBC}") = "UCMAWinService", "UCMAWinService\UCMAWinService.csproj", "{BE6F914F-E9C2-4AF5-B1F5-85FFCB3A7CA3}"
EndProject
Project("{54435603-DBB4-11D2-8724-00A0C9A8B90C}") = "UCMAWinServiceSetup", "UCMAWinServiceSetup\UCMAWinServiceSetup.vdproj", "{38BCAAD9-437E-49AD-B680-A28A8031A336}"
EndProject
Global
	GlobalSection(SolutionConfigurationPlatforms) = preSolution
		Debug|x86 = Debug|x86
		Release|x86 = Release|x86
	EndGlobalSection
	GlobalSection(ProjectConfigurationPlatforms) = postSolution
		{BE6F914F-E9C2-4AF5-B1F5-85FFCB3A7CA3}.Debug|x86.ActiveCfg = Debug|x86
		{BE6F914F-E9C2-4AF5-B1F5-85FFCB3A7CA3}.Debug|x86.Build.0 = Debug|x86
		{BE6F914F-E9C2-4AF5-B1F5-85FFCB3A7CA3}.Release|x86.ActiveCfg = Release|x86
		{BE6F914F-E9C2-4AF5-B1F5-85FFCB3A7CA3}.Release|x86.Build.0 = Release|x86
		{38BCAAD9-437E-49AD-B680-A28A8031A336}.Debug|x86.ActiveCfg = Debug
		{38BCAAD9-437E-49AD-B680-A28A8031A336}.Release|x86.ActiveCfg = Release
	EndGlobalSection
	GlobalSection(SolutionProperties) = preSolution
		HideSolutionNode = FALSE
	EndGlobalSection
EndGlobal
