
Microsoft Visual Studio Solution File, Format Version 11.00
# Visual Studio 2010
Project("{FAE04EC0-301F-11D3-BF4B-00C04F79EFBC}") = "LyncControls_UsingControls", "LyncControls_UsingControls.csproj", "{B8EAD9D3-B681-448E-B5CD-9C2C7D2E7250}"
EndProject
Global
	
	GlobalSection(SolutionConfigurationPlatforms) = preSolution
		Debug|Any CPU = Debug|Any CPU
		Release|Any CPU = Release|Any CPU
	EndGlobalSection
	GlobalSection(ProjectConfigurationPlatforms) = postSolution
		{B8EAD9D3-B681-448E-B5CD-9C2C7D2E7250}.Debug|Any CPU.ActiveCfg = Debug|Any CPU
		{B8EAD9D3-B681-448E-B5CD-9C2C7D2E7250}.Debug|Any CPU.Build.0 = Debug|Any CPU
		{B8EAD9D3-B681-448E-B5CD-9C2C7D2E7250}.Release|Any CPU.ActiveCfg = Release|Any CPU
		{B8EAD9D3-B681-448E-B5CD-9C2C7D2E7250}.Release|Any CPU.Build.0 = Release|Any CPU
	EndGlobalSection
	GlobalSection(SolutionProperties) = preSolution
		HideSolutionNode = FALSE
	EndGlobalSection
EndGlobal
